// !$*UTF8*$!
{
	archiveVersion = 1;
	classes = {
	};
	objectVersion = 77;
	objects = {

/* Begin PBXBuildFile section */
		02183C555291D03943B53A7F /* TestFixtureSeeder.swift in Sources */ = {isa = PBXBuildFile; fileRef = 3C073AEA25AA0F7E2113AC77 /* TestFixtureSeeder.swift */; };
		5AE90EAB7FE6F73BA138E1AE /* test-loving-kindness.mp3 in Resources */ = {isa = PBXBuildFile; fileRef = 1EDFEE4E80517ACA0D470B9F /* test-loving-kindness.mp3 */; };
		868E6658A0F3DC323D64B9FD /* Foundation.framework in Frameworks */ = {isa = PBXBuildFile; fileRef = AA235990CCAEA51ACEAE1351 /* Foundation.framework */; };
		B0CC8D5F347C05127C946658 /* test-body-scan.mp3 in Resources */ = {isa = PBXBuildFile; fileRef = AF3C8B6A5219475808BC5A86 /* test-body-scan.mp3 */; };
		B29CADCD6AF96B53C144F1E7 /* test-mindful-breathing.mp3 in Resources */ = {isa = PBXBuildFile; fileRef = 937FFD32466BE6D2F6151F24 /* test-mindful-breathing.mp3 */; };
		C06E1E9F13DC010CF84E2A49 /* test-present-moment.mp3 in Resources */ = {isa = PBXBuildFile; fileRef = 62893F35241ED15678CBAFEB /* test-present-moment.mp3 */; };
		CA08C6272EC4729200D7C911 /* BackgroundAudio in Resources */ = {isa = PBXBuildFile; fileRef = CA08C6262EC4729200D7C911 /* BackgroundAudio */; };
		E9DB9A418CDE4A04B3E351F0 /* test-evening-wind-down.mp3 in Resources */ = {isa = PBXBuildFile; fileRef = FD5197DB7DF184DD318CD57D /* test-evening-wind-down.mp3 */; };
		F82873BFC92B84CA3DE6682F /* BackgroundAudio in Resources */ = {isa = PBXBuildFile; fileRef = CA08C6262EC4729200D7C911 /* BackgroundAudio */; };
		GONGSOUNDS0123456789ABCD /* GongSounds in Resources */ = {isa = PBXBuildFile; fileRef = GONGSOUNDS0123456789ABCE /* GongSounds */; };
		GONGSOUNDS0123456789ABCF /* GongSounds in Resources */ = {isa = PBXBuildFile; fileRef = GONGSOUNDS0123456789ABCE /* GongSounds */; };
/* End PBXBuildFile section */

/* Begin PBXContainerItemProxy section */
		CABCE92A2EAE3C440059FC11 /* PBXContainerItemProxy */ = {
			isa = PBXContainerItemProxy;
			containerPortal = CABCE9142EAE3C430059FC11 /* Project object */;
			proxyType = 1;
			remoteGlobalIDString = CABCE91B2EAE3C430059FC11;
			remoteInfo = StillMoment;
		};
		CABCE9342EAE3C440059FC11 /* PBXContainerItemProxy */ = {
			isa = PBXContainerItemProxy;
			containerPortal = CABCE9142EAE3C430059FC11 /* Project object */;
			proxyType = 1;
			remoteGlobalIDString = CABCE91B2EAE3C430059FC11;
			remoteInfo = StillMoment;
		};
/* End PBXContainerItemProxy section */

/* Begin PBXFileReference section */
		1EDFEE4E80517ACA0D470B9F /* test-loving-kindness.mp3 */ = {isa = PBXFileReference; includeInIndex = 1; lastKnownFileType = audio.mp3; path = "test-loving-kindness.mp3"; sourceTree = "<group>"; };
		3C073AEA25AA0F7E2113AC77 /* TestFixtureSeeder.swift */ = {isa = PBXFileReference; includeInIndex = 1; lastKnownFileType = sourcecode.swift; path = TestFixtureSeeder.swift; sourceTree = "<group>"; };
		62893F35241ED15678CBAFEB /* test-present-moment.mp3 */ = {isa = PBXFileReference; includeInIndex = 1; lastKnownFileType = audio.mp3; path = "test-present-moment.mp3"; sourceTree = "<group>"; };
		937FFD32466BE6D2F6151F24 /* test-mindful-breathing.mp3 */ = {isa = PBXFileReference; includeInIndex = 1; lastKnownFileType = audio.mp3; path = "test-mindful-breathing.mp3"; sourceTree = "<group>"; };
		A05F824B4B9A156546C68F55 /* StillMoment-Screenshots.app */ = {isa = PBXFileReference; explicitFileType = wrapper.application; includeInIndex = 0; path = "StillMoment-Screenshots.app"; sourceTree = BUILT_PRODUCTS_DIR; };
		AA235990CCAEA51ACEAE1351 /* Foundation.framework */ = {isa = PBXFileReference; lastKnownFileType = wrapper.framework; name = Foundation.framework; path = Platforms/iPhoneOS.platform/Developer/SDKs/iPhoneOS18.0.sdk/System/Library/Frameworks/Foundation.framework; sourceTree = DEVELOPER_DIR; };
		AF3C8B6A5219475808BC5A86 /* test-body-scan.mp3 */ = {isa = PBXFileReference; includeInIndex = 1; lastKnownFileType = audio.mp3; path = "test-body-scan.mp3"; sourceTree = "<group>"; };
		CA08C6262EC4729200D7C911 /* BackgroundAudio */ = {isa = PBXFileReference; lastKnownFileType = folder; name = BackgroundAudio; path = StillMoment/Resources/BackgroundAudio; sourceTree = "<group>"; };
		CA08C6282EC4800000D7C911 /* Local.xcconfig */ = {isa = PBXFileReference; lastKnownFileType = text.xcconfig; path = Config/Local.xcconfig; sourceTree = "<group>"; };
		CABCE91C2EAE3C430059FC11 /* StillMoment.app */ = {isa = PBXFileReference; explicitFileType = wrapper.application; includeInIndex = 0; path = StillMoment.app; sourceTree = BUILT_PRODUCTS_DIR; };
		CABCE9292EAE3C440059FC11 /* StillMomentTests.xctest */ = {isa = PBXFileReference; explicitFileType = wrapper.cfbundle; includeInIndex = 0; path = StillMomentTests.xctest; sourceTree = BUILT_PRODUCTS_DIR; };
		CABCE9332EAE3C440059FC11 /* StillMomentUITests.xctest */ = {isa = PBXFileReference; explicitFileType = wrapper.cfbundle; includeInIndex = 0; path = StillMomentUITests.xctest; sourceTree = BUILT_PRODUCTS_DIR; };
		FD5197DB7DF184DD318CD57D /* test-evening-wind-down.mp3 */ = {isa = PBXFileReference; includeInIndex = 1; lastKnownFileType = audio.mp3; path = "test-evening-wind-down.mp3"; sourceTree = "<group>"; };
		GONGSOUNDS0123456789ABCE /* GongSounds */ = {isa = PBXFileReference; lastKnownFileType = folder; name = GongSounds; path = StillMoment/Resources/GongSounds; sourceTree = "<group>"; };
/* End PBXFileReference section */

/* Begin PBXFileSystemSynchronizedBuildFileExceptionSet section */
		CABCE91F2EAE3C430059FC11 /* Exceptions for "StillMoment" folder in "StillMoment" target */ = {
			isa = PBXFileSystemSynchronizedBuildFileExceptionSet;
			membershipExceptions = (
				Info.plist,
			);
			target = CABCE91B2EAE3C430059FC11 /* StillMoment */;
		};
		SCREENSHOTS123456789ABCDEF /* Exceptions for "StillMoment" folder in "StillMoment-Screenshots" target */ = {
			isa = PBXFileSystemSynchronizedBuildFileExceptionSet;
			membershipExceptions = (
				Info.plist,
			);
			target = 6AA1CC164101D03A01B9960C /* StillMoment-Screenshots */;
		};
/* End PBXFileSystemSynchronizedBuildFileExceptionSet section */

/* Begin PBXFileSystemSynchronizedRootGroup section */
		CABCE91E2EAE3C430059FC11 /* StillMoment */ = {
			isa = PBXFileSystemSynchronizedRootGroup;
			exceptions = (
				CABCE91F2EAE3C430059FC11 /* Exceptions for "StillMoment" folder in "StillMoment" target */,
				SCREENSHOTS123456789ABCDEF /* Exceptions for "StillMoment" folder in "StillMoment-Screenshots" target */,
			);
			path = StillMoment;
			sourceTree = "<group>";
		};
		CABCE92C2EAE3C440059FC11 /* StillMomentTests */ = {
			isa = PBXFileSystemSynchronizedRootGroup;
			exceptions = (
			);
			path = StillMomentTests;
			sourceTree = "<group>";
		};
		CABCE9362EAE3C440059FC11 /* StillMomentUITests */ = {
			isa = PBXFileSystemSynchronizedRootGroup;
			exceptions = (
			);
			path = StillMomentUITests;
			sourceTree = "<group>";
		};
/* End PBXFileSystemSynchronizedRootGroup section */

/* Begin PBXFrameworksBuildPhase section */
		705F7955521EDA637CB76FE8 /* Frameworks */ = {
			isa = PBXFrameworksBuildPhase;
			buildActionMask = 2147483647;
			files = (
				868E6658A0F3DC323D64B9FD /* Foundation.framework in Frameworks */,
			);
			runOnlyForDeploymentPostprocessing = 0;
		};
		CABCE9192EAE3C430059FC11 /* Frameworks */ = {
			isa = PBXFrameworksBuildPhase;
			buildActionMask = 2147483647;
			files = (
			);
			runOnlyForDeploymentPostprocessing = 0;
		};
		CABCE9262EAE3C440059FC11 /* Frameworks */ = {
			isa = PBXFrameworksBuildPhase;
			buildActionMask = 2147483647;
			files = (
			);
			runOnlyForDeploymentPostprocessing = 0;
		};
		CABCE9302EAE3C440059FC11 /* Frameworks */ = {
			isa = PBXFrameworksBuildPhase;
			buildActionMask = 2147483647;
			files = (
			);
			runOnlyForDeploymentPostprocessing = 0;
		};
/* End PBXFrameworksBuildPhase section */

/* Begin PBXGroup section */
		2366955285DFDD9FE2612C25 /* StillMoment-Screenshots */ = {
			isa = PBXGroup;
			children = (
				B5F685D42A5B1A140B7DFE84 /* Resources */,
				3C073AEA25AA0F7E2113AC77 /* TestFixtureSeeder.swift */,
			);
			path = "StillMoment-Screenshots";
			sourceTree = "<group>";
		};
		8389E633265BE04500A17DF0 /* TestFixtures */ = {
			isa = PBXGroup;
			children = (
				937FFD32466BE6D2F6151F24 /* test-mindful-breathing.mp3 */,
				AF3C8B6A5219475808BC5A86 /* test-body-scan.mp3 */,
				62893F35241ED15678CBAFEB /* test-present-moment.mp3 */,
				FD5197DB7DF184DD318CD57D /* test-evening-wind-down.mp3 */,
				1EDFEE4E80517ACA0D470B9F /* test-loving-kindness.mp3 */,
			);
			path = TestFixtures;
			sourceTree = "<group>";
		};
		B200024EC8816B69DFD8CC74 /* Frameworks */ = {
			isa = PBXGroup;
			children = (
				EAA6A846ED5E1298EA2F67A7 /* iOS */,
			);
			name = Frameworks;
			sourceTree = "<group>";
		};
		B5F685D42A5B1A140B7DFE84 /* Resources */ = {
			isa = PBXGroup;
			children = (
				8389E633265BE04500A17DF0 /* TestFixtures */,
			);
			path = Resources;
			sourceTree = "<group>";
		};
		CA7930B52EC4EBA40070D3BB /* Recovered References */ = {
			isa = PBXGroup;
			children = (
				CA08C6282EC4800000D7C911 /* Local.xcconfig */,
			);
			name = "Recovered References";
			sourceTree = "<group>";
		};
		CABCE9132EAE3C430059FC11 = {
			isa = PBXGroup;
			children = (
				CA08C6262EC4729200D7C911 /* BackgroundAudio */,
				GONGSOUNDS0123456789ABCE /* GongSounds */,
				CABCE91E2EAE3C430059FC11 /* StillMoment */,
				CABCE92C2EAE3C440059FC11 /* StillMomentTests */,
				CABCE9362EAE3C440059FC11 /* StillMomentUITests */,
				CABCE91D2EAE3C430059FC11 /* Products */,
				CA7930B52EC4EBA40070D3BB /* Recovered References */,
				B200024EC8816B69DFD8CC74 /* Frameworks */,
				2366955285DFDD9FE2612C25 /* StillMoment-Screenshots */,
			);
			sourceTree = "<group>";
		};
		CABCE91D2EAE3C430059FC11 /* Products */ = {
			isa = PBXGroup;
			children = (
				CABCE91C2EAE3C430059FC11 /* StillMoment.app */,
				CABCE9292EAE3C440059FC11 /* StillMomentTests.xctest */,
				CABCE9332EAE3C440059FC11 /* StillMomentUITests.xctest */,
				A05F824B4B9A156546C68F55 /* StillMoment-Screenshots.app */,
			);
			name = Products;
			sourceTree = "<group>";
		};
		EAA6A846ED5E1298EA2F67A7 /* iOS */ = {
			isa = PBXGroup;
			children = (
				AA235990CCAEA51ACEAE1351 /* Foundation.framework */,
			);
			name = iOS;
			sourceTree = "<group>";
		};
/* End PBXGroup section */

/* Begin PBXNativeTarget section */
		6AA1CC164101D03A01B9960C /* StillMoment-Screenshots */ = {
			isa = PBXNativeTarget;
			buildConfigurationList = D357050ECA94B441EED5D6F0 /* Build configuration list for PBXNativeTarget "StillMoment-Screenshots" */;
			buildPhases = (
				B41C4F41EF8658957BE22288 /* Sources */,
				705F7955521EDA637CB76FE8 /* Frameworks */,
				6C138CD7AE00CEBEF4A8ECDC /* Resources */,
			);
			buildRules = (
			);
			dependencies = (
			);
			fileSystemSynchronizedGroups = (
				CABCE91E2EAE3C430059FC11 /* StillMoment */,
			);
			name = "StillMoment-Screenshots";
			productName = "StillMoment-Screenshots";
			productReference = A05F824B4B9A156546C68F55 /* StillMoment-Screenshots.app */;
			productType = "com.apple.product-type.application";
		};
		CABCE91B2EAE3C430059FC11 /* StillMoment */ = {
			isa = PBXNativeTarget;
			buildConfigurationList = CABCE93D2EAE3C440059FC11 /* Build configuration list for PBXNativeTarget "StillMoment" */;
			buildPhases = (
				CABCE9182EAE3C430059FC11 /* Sources */,
				CABCE9192EAE3C430059FC11 /* Frameworks */,
				CABCE91A2EAE3C430059FC11 /* Resources */,
			);
			buildRules = (
			);
			dependencies = (
			);
			fileSystemSynchronizedGroups = (
				CABCE91E2EAE3C430059FC11 /* StillMoment */,
			);
			name = StillMoment;
			productName = StillMoment;
			productReference = CABCE91C2EAE3C430059FC11 /* StillMoment.app */;
			productType = "com.apple.product-type.application";
		};
		CABCE9282EAE3C440059FC11 /* StillMomentTests */ = {
			isa = PBXNativeTarget;
			buildConfigurationList = CABCE9402EAE3C440059FC11 /* Build configuration list for PBXNativeTarget "StillMomentTests" */;
			buildPhases = (
				CABCE9252EAE3C440059FC11 /* Sources */,
				CABCE9262EAE3C440059FC11 /* Frameworks */,
				CABCE9272EAE3C440059FC11 /* Resources */,
			);
			buildRules = (
			);
			dependencies = (
				CABCE92B2EAE3C440059FC11 /* PBXTargetDependency */,
			);
			fileSystemSynchronizedGroups = (
				CABCE92C2EAE3C440059FC11 /* StillMomentTests */,
			);
			name = StillMomentTests;
			productName = StillMomentTests;
			productReference = CABCE9292EAE3C440059FC11 /* StillMomentTests.xctest */;
			productType = "com.apple.product-type.bundle.unit-test";
		};
		CABCE9322EAE3C440059FC11 /* StillMomentUITests */ = {
			isa = PBXNativeTarget;
			buildConfigurationList = CABCE9432EAE3C440059FC11 /* Build configuration list for PBXNativeTarget "StillMomentUITests" */;
			buildPhases = (
				CABCE92F2EAE3C440059FC11 /* Sources */,
				CABCE9302EAE3C440059FC11 /* Frameworks */,
				CABCE9312EAE3C440059FC11 /* Resources */,
			);
			buildRules = (
			);
			dependencies = (
				CABCE9352EAE3C440059FC11 /* PBXTargetDependency */,
			);
			fileSystemSynchronizedGroups = (
				CABCE9362EAE3C440059FC11 /* StillMomentUITests */,
			);
			name = StillMomentUITests;
			productName = StillMomentUITests;
			productReference = CABCE9332EAE3C440059FC11 /* StillMomentUITests.xctest */;
			productType = "com.apple.product-type.bundle.ui-testing";
		};
/* End PBXNativeTarget section */

/* Begin PBXProject section */
		CABCE9142EAE3C430059FC11 /* Project object */ = {
			isa = PBXProject;
			attributes = {
				BuildIndependentTargetsInParallel = 1;
				LastSwiftUpdateCheck = 1630;
				LastUpgradeCheck = 2610;
				TargetAttributes = {
					CABCE91B2EAE3C430059FC11 = {
						CreatedOnToolsVersion = 16.3;
					};
					CABCE9282EAE3C440059FC11 = {
						CreatedOnToolsVersion = 16.3;
						TestTargetID = CABCE91B2EAE3C430059FC11;
					};
					CABCE9322EAE3C440059FC11 = {
						CreatedOnToolsVersion = 16.3;
						TestTargetID = CABCE91B2EAE3C430059FC11;
					};
				};
			};
			buildConfigurationList = CABCE9172EAE3C430059FC11 /* Build configuration list for PBXProject "StillMoment" */;
			developmentRegion = en;
			hasScannedForEncodings = 0;
			knownRegions = (
				en,
				Base,
				de,
			);
			mainGroup = CABCE9132EAE3C430059FC11;
			minimizedProjectReferenceProxies = 1;
			preferredProjectObjectVersion = 77;
			productRefGroup = CABCE91D2EAE3C430059FC11 /* Products */;
			projectDirPath = "";
			projectRoot = "";
			targets = (
				CABCE91B2EAE3C430059FC11 /* StillMoment */,
				CABCE9282EAE3C440059FC11 /* StillMomentTests */,
				CABCE9322EAE3C440059FC11 /* StillMomentUITests */,
				6AA1CC164101D03A01B9960C /* StillMoment-Screenshots */,
			);
		};
/* End PBXProject section */

/* Begin PBXResourcesBuildPhase section */
		6C138CD7AE00CEBEF4A8ECDC /* Resources */ = {
			isa = PBXResourcesBuildPhase;
			buildActionMask = 2147483647;
			files = (
				B29CADCD6AF96B53C144F1E7 /* test-mindful-breathing.mp3 in Resources */,
				B0CC8D5F347C05127C946658 /* test-body-scan.mp3 in Resources */,
				C06E1E9F13DC010CF84E2A49 /* test-present-moment.mp3 in Resources */,
				E9DB9A418CDE4A04B3E351F0 /* test-evening-wind-down.mp3 in Resources */,
				5AE90EAB7FE6F73BA138E1AE /* test-loving-kindness.mp3 in Resources */,
				F82873BFC92B84CA3DE6682F /* BackgroundAudio in Resources */,
				GONGSOUNDS0123456789ABCF /* GongSounds in Resources */,
			);
			runOnlyForDeploymentPostprocessing = 0;
		};
		CABCE91A2EAE3C430059FC11 /* Resources */ = {
			isa = PBXResourcesBuildPhase;
			buildActionMask = 2147483647;
			files = (
				CA08C6272EC4729200D7C911 /* BackgroundAudio in Resources */,
				GONGSOUNDS0123456789ABCD /* GongSounds in Resources */,
			);
			runOnlyForDeploymentPostprocessing = 0;
		};
		CABCE9272EAE3C440059FC11 /* Resources */ = {
			isa = PBXResourcesBuildPhase;
			buildActionMask = 2147483647;
			files = (
			);
			runOnlyForDeploymentPostprocessing = 0;
		};
		CABCE9312EAE3C440059FC11 /* Resources */ = {
			isa = PBXResourcesBuildPhase;
			buildActionMask = 2147483647;
			files = (
			);
			runOnlyForDeploymentPostprocessing = 0;
		};
/* End PBXResourcesBuildPhase section */

/* Begin PBXSourcesBuildPhase section */
		B41C4F41EF8658957BE22288 /* Sources */ = {
			isa = PBXSourcesBuildPhase;
			buildActionMask = 2147483647;
			files = (
				02183C555291D03943B53A7F /* TestFixtureSeeder.swift in Sources */,
			);
			runOnlyForDeploymentPostprocessing = 0;
		};
		CABCE9182EAE3C430059FC11 /* Sources */ = {
			isa = PBXSourcesBuildPhase;
			buildActionMask = 2147483647;
			files = (
			);
			runOnlyForDeploymentPostprocessing = 0;
		};
		CABCE9252EAE3C440059FC11 /* Sources */ = {
			isa = PBXSourcesBuildPhase;
			buildActionMask = 2147483647;
			files = (
			);
			runOnlyForDeploymentPostprocessing = 0;
		};
		CABCE92F2EAE3C440059FC11 /* Sources */ = {
			isa = PBXSourcesBuildPhase;
			buildActionMask = 2147483647;
			files = (
			);
			runOnlyForDeploymentPostprocessing = 0;
		};
/* End PBXSourcesBuildPhase section */

/* Begin PBXTargetDependency section */
		CABCE92B2EAE3C440059FC11 /* PBXTargetDependency */ = {
			isa = PBXTargetDependency;
			target = CABCE91B2EAE3C430059FC11 /* StillMoment */;
			targetProxy = CABCE92A2EAE3C440059FC11 /* PBXContainerItemProxy */;
		};
		CABCE9352EAE3C440059FC11 /* PBXTargetDependency */ = {
			isa = PBXTargetDependency;
			target = CABCE91B2EAE3C430059FC11 /* StillMoment */;
			targetProxy = CABCE9342EAE3C440059FC11 /* PBXContainerItemProxy */;
		};
/* End PBXTargetDependency section */

/* Begin XCBuildConfiguration section */
		7289E90DC212A12D0F6F833D /* Debug */ = {
			isa = XCBuildConfiguration;
			buildSettings = {
				ASSETCATALOG_COMPILER_APPICON_NAME = AppIcon;
				ASSETCATALOG_COMPILER_GLOBAL_ACCENT_COLOR_NAME = AccentColor;
				CLANG_ENABLE_OBJC_WEAK = NO;
				CODE_SIGN_ENTITLEMENTS = StillMoment/StillMoment.entitlements;
				CODE_SIGN_STYLE = Automatic;
				CURRENT_PROJECT_VERSION = 2;
				ENABLE_PREVIEWS = YES;
				GENERATE_INFOPLIST_FILE = YES;
				INFOPLIST_FILE = StillMoment/Info.plist;
				INFOPLIST_KEY_CFBundleDisplayName = "Still Moment";
				INFOPLIST_KEY_LSApplicationCategoryType = "public.app-category.healthcare-fitness";
				INFOPLIST_KEY_UIApplicationSceneManifest_Generation = YES;
				INFOPLIST_KEY_UIApplicationSupportsIndirectInputEvents = YES;
				INFOPLIST_KEY_UILaunchScreen_Generation = YES;
				INFOPLIST_KEY_UISupportedInterfaceOrientations_iPad = UIInterfaceOrientationPortrait;
				INFOPLIST_KEY_UISupportedInterfaceOrientations_iPhone = UIInterfaceOrientationPortrait;
				IPHONEOS_DEPLOYMENT_TARGET = 16.0;
				LD_RUNPATH_SEARCH_PATHS = (
					"$(inherited)",
					"@executable_path/Frameworks",
				);
				MARKETING_VERSION = 1.9.0;
				OTHER_SWIFT_FLAGS = "$(inherited) -D SCREENSHOTS_BUILD";
				PRODUCT_BUNDLE_IDENTIFIER = com.stillmoment.StillMoment.screenshots;
				PRODUCT_NAME = "StillMoment-Screenshots";
				SDKROOT = iphoneos;
				SWIFT_EMIT_LOC_STRINGS = YES;
				SWIFT_VERSION = 5.0;
				TARGETED_DEVICE_FAMILY = 1;
			};
			name = Debug;
		};
		7B7FFE6B5BB30B3075B41BF8 /* Release */ = {
			isa = XCBuildConfiguration;
			buildSettings = {
				ASSETCATALOG_COMPILER_APPICON_NAME = AppIcon;
				ASSETCATALOG_COMPILER_GLOBAL_ACCENT_COLOR_NAME = AccentColor;
				CLANG_ENABLE_OBJC_WEAK = NO;
				CODE_SIGN_ENTITLEMENTS = StillMoment/StillMoment.entitlements;
				CODE_SIGN_STYLE = Automatic;
				CURRENT_PROJECT_VERSION = 2;
				ENABLE_PREVIEWS = YES;
				GENERATE_INFOPLIST_FILE = YES;
				INFOPLIST_FILE = StillMoment/Info.plist;
				INFOPLIST_KEY_CFBundleDisplayName = "Still Moment";
				INFOPLIST_KEY_LSApplicationCategoryType = "public.app-category.healthcare-fitness";
				INFOPLIST_KEY_UIApplicationSceneManifest_Generation = YES;
				INFOPLIST_KEY_UIApplicationSupportsIndirectInputEvents = YES;
				INFOPLIST_KEY_UILaunchScreen_Generation = YES;
				INFOPLIST_KEY_UISupportedInterfaceOrientations_iPad = UIInterfaceOrientationPortrait;
				INFOPLIST_KEY_UISupportedInterfaceOrientations_iPhone = UIInterfaceOrientationPortrait;
				IPHONEOS_DEPLOYMENT_TARGET = 16.0;
				LD_RUNPATH_SEARCH_PATHS = (
					"$(inherited)",
					"@executable_path/Frameworks",
				);
				MARKETING_VERSION = 1.9.0;
				OTHER_SWIFT_FLAGS = "$(inherited) -D SCREENSHOTS_BUILD";
				PRODUCT_BUNDLE_IDENTIFIER = com.stillmoment.StillMoment.screenshots;
				PRODUCT_NAME = "StillMoment-Screenshots";
				SDKROOT = iphoneos;
				SWIFT_EMIT_LOC_STRINGS = YES;
				SWIFT_VERSION = 5.0;
				TARGETED_DEVICE_FAMILY = 1;
				VALIDATE_PRODUCT = YES;
			};
			name = Release;
		};
		CABCE93B2EAE3C440059FC11 /* Debug */ = {
			isa = XCBuildConfiguration;
			buildSettings = {
				ALWAYS_SEARCH_USER_PATHS = NO;
				ASSETCATALOG_COMPILER_GENERATE_SWIFT_ASSET_SYMBOL_EXTENSIONS = YES;
				CLANG_ANALYZER_LOCALIZABILITY_NONLOCALIZED = YES;
				CLANG_ANALYZER_NONNULL = YES;
				CLANG_ANALYZER_NUMBER_OBJECT_CONVERSION = YES_AGGRESSIVE;
				CLANG_CXX_LANGUAGE_STANDARD = "gnu++20";
				CLANG_ENABLE_MODULES = YES;
				CLANG_ENABLE_OBJC_ARC = YES;
				CLANG_ENABLE_OBJC_WEAK = YES;
				CLANG_WARN_BLOCK_CAPTURE_AUTORELEASING = YES;
				CLANG_WARN_BOOL_CONVERSION = YES;
				CLANG_WARN_COMMA = YES;
				CLANG_WARN_CONSTANT_CONVERSION = YES;
				CLANG_WARN_DEPRECATED_OBJC_IMPLEMENTATIONS = YES;
				CLANG_WARN_DIRECT_OBJC_ISA_USAGE = YES_ERROR;
				CLANG_WARN_DOCUMENTATION_COMMENTS = YES;
				CLANG_WARN_EMPTY_BODY = YES;
				CLANG_WARN_ENUM_CONVERSION = YES;
				CLANG_WARN_INFINITE_RECURSION = YES;
				CLANG_WARN_INT_CONVERSION = YES;
				CLANG_WARN_NON_LITERAL_NULL_CONVERSION = YES;
				CLANG_WARN_OBJC_IMPLICIT_RETAIN_SELF = YES;
				CLANG_WARN_OBJC_LITERAL_CONVERSION = YES;
				CLANG_WARN_OBJC_ROOT_CLASS = YES_ERROR;
				CLANG_WARN_QUOTED_INCLUDE_IN_FRAMEWORK_HEADER = YES;
				CLANG_WARN_RANGE_LOOP_ANALYSIS = YES;
				CLANG_WARN_STRICT_PROTOTYPES = YES;
				CLANG_WARN_SUSPICIOUS_MOVE = YES;
				CLANG_WARN_UNGUARDED_AVAILABILITY = YES_AGGRESSIVE;
				CLANG_WARN_UNREACHABLE_CODE = YES;
				CLANG_WARN__DUPLICATE_METHOD_MATCH = YES;
				COPY_PHASE_STRIP = NO;
				DEBUG_INFORMATION_FORMAT = dwarf;
				ENABLE_STRICT_OBJC_MSGSEND = YES;
				ENABLE_TESTABILITY = YES;
				ENABLE_USER_SCRIPT_SANDBOXING = YES;
				GCC_C_LANGUAGE_STANDARD = gnu17;
				GCC_DYNAMIC_NO_PIC = NO;
				GCC_NO_COMMON_BLOCKS = YES;
				GCC_OPTIMIZATION_LEVEL = 0;
				GCC_PREPROCESSOR_DEFINITIONS = (
					"DEBUG=1",
					"$(inherited)",
				);
				GCC_WARN_64_TO_32_BIT_CONVERSION = YES;
				GCC_WARN_ABOUT_RETURN_TYPE = YES_ERROR;
				GCC_WARN_UNDECLARED_SELECTOR = YES;
				GCC_WARN_UNINITIALIZED_AUTOS = YES_AGGRESSIVE;
				GCC_WARN_UNUSED_FUNCTION = YES;
				GCC_WARN_UNUSED_VARIABLE = YES;
				IPHONEOS_DEPLOYMENT_TARGET = 16.0;
				LOCALIZATION_PREFERS_STRING_CATALOGS = YES;
				MTL_ENABLE_DEBUG_INFO = INCLUDE_SOURCE;
				MTL_FAST_MATH = YES;
				ONLY_ACTIVE_ARCH = YES;
				SDKROOT = iphoneos;
				STRING_CATALOG_GENERATE_SYMBOLS = YES;
				SWIFT_ACTIVE_COMPILATION_CONDITIONS = "DEBUG $(inherited)";
				SWIFT_OPTIMIZATION_LEVEL = "-Onone";
			};
			name = Debug;
		};
		CABCE93C2EAE3C440059FC11 /* Release */ = {
			isa = XCBuildConfiguration;
			buildSettings = {
				ALWAYS_SEARCH_USER_PATHS = NO;
				ASSETCATALOG_COMPILER_GENERATE_SWIFT_ASSET_SYMBOL_EXTENSIONS = YES;
				CLANG_ANALYZER_LOCALIZABILITY_NONLOCALIZED = YES;
				CLANG_ANALYZER_NONNULL = YES;
				CLANG_ANALYZER_NUMBER_OBJECT_CONVERSION = YES_AGGRESSIVE;
				CLANG_CXX_LANGUAGE_STANDARD = "gnu++20";
				CLANG_ENABLE_MODULES = YES;
				CLANG_ENABLE_OBJC_ARC = YES;
				CLANG_ENABLE_OBJC_WEAK = YES;
				CLANG_WARN_BLOCK_CAPTURE_AUTORELEASING = YES;
				CLANG_WARN_BOOL_CONVERSION = YES;
				CLANG_WARN_COMMA = YES;
				CLANG_WARN_CONSTANT_CONVERSION = YES;
				CLANG_WARN_DEPRECATED_OBJC_IMPLEMENTATIONS = YES;
				CLANG_WARN_DIRECT_OBJC_ISA_USAGE = YES_ERROR;
				CLANG_WARN_DOCUMENTATION_COMMENTS = YES;
				CLANG_WARN_EMPTY_BODY = YES;
				CLANG_WARN_ENUM_CONVERSION = YES;
				CLANG_WARN_INFINITE_RECURSION = YES;
				CLANG_WARN_INT_CONVERSION = YES;
				CLANG_WARN_NON_LITERAL_NULL_CONVERSION = YES;
				CLANG_WARN_OBJC_IMPLICIT_RETAIN_SELF = YES;
				CLANG_WARN_OBJC_LITERAL_CONVERSION = YES;
				CLANG_WARN_OBJC_ROOT_CLASS = YES_ERROR;
				CLANG_WARN_QUOTED_INCLUDE_IN_FRAMEWORK_HEADER = YES;
				CLANG_WARN_RANGE_LOOP_ANALYSIS = YES;
				CLANG_WARN_STRICT_PROTOTYPES = YES;
				CLANG_WARN_SUSPICIOUS_MOVE = YES;
				CLANG_WARN_UNGUARDED_AVAILABILITY = YES_AGGRESSIVE;
				CLANG_WARN_UNREACHABLE_CODE = YES;
				CLANG_WARN__DUPLICATE_METHOD_MATCH = YES;
				COPY_PHASE_STRIP = NO;
				DEBUG_INFORMATION_FORMAT = "dwarf-with-dsym";
				ENABLE_NS_ASSERTIONS = NO;
				ENABLE_STRICT_OBJC_MSGSEND = YES;
				ENABLE_USER_SCRIPT_SANDBOXING = YES;
				GCC_C_LANGUAGE_STANDARD = gnu17;
				GCC_NO_COMMON_BLOCKS = YES;
				GCC_WARN_64_TO_32_BIT_CONVERSION = YES;
				GCC_WARN_ABOUT_RETURN_TYPE = YES_ERROR;
				GCC_WARN_UNDECLARED_SELECTOR = YES;
				GCC_WARN_UNINITIALIZED_AUTOS = YES_AGGRESSIVE;
				GCC_WARN_UNUSED_FUNCTION = YES;
				GCC_WARN_UNUSED_VARIABLE = YES;
				IPHONEOS_DEPLOYMENT_TARGET = 16.0;
				LOCALIZATION_PREFERS_STRING_CATALOGS = YES;
				MTL_ENABLE_DEBUG_INFO = NO;
				MTL_FAST_MATH = YES;
				SDKROOT = iphoneos;
				STRING_CATALOG_GENERATE_SYMBOLS = YES;
				SWIFT_COMPILATION_MODE = wholemodule;
				VALIDATE_PRODUCT = YES;
			};
			name = Release;
		};
		CABCE93E2EAE3C440059FC11 /* Debug */ = {
			isa = XCBuildConfiguration;
			baseConfigurationReference = CA08C6282EC4800000D7C911 /* Local.xcconfig */;
			buildSettings = {
				ASSETCATALOG_COMPILER_APPICON_NAME = AppIcon;
				ASSETCATALOG_COMPILER_GLOBAL_ACCENT_COLOR_NAME = AccentColor;
				CODE_SIGN_ENTITLEMENTS = StillMoment/StillMoment.entitlements;
				CODE_SIGN_STYLE = Automatic;
				CURRENT_PROJECT_VERSION = 2;
				ENABLE_PREVIEWS = YES;
				GENERATE_INFOPLIST_FILE = YES;
				INFOPLIST_FILE = StillMoment/Info.plist;
				INFOPLIST_KEY_CFBundleDisplayName = "Still Moment";
				INFOPLIST_KEY_LSApplicationCategoryType = "public.app-category.healthcare-fitness";
				INFOPLIST_KEY_UIApplicationSceneManifest_Generation = YES;
				INFOPLIST_KEY_UIApplicationSupportsIndirectInputEvents = YES;
				INFOPLIST_KEY_UILaunchScreen_Generation = YES;
				INFOPLIST_KEY_UISupportedInterfaceOrientations_iPad = UIInterfaceOrientationPortrait;
				INFOPLIST_KEY_UISupportedInterfaceOrientations_iPhone = UIInterfaceOrientationPortrait;
				LD_RUNPATH_SEARCH_PATHS = (
					"$(inherited)",
					"@executable_path/Frameworks",
				);
				MARKETING_VERSION = 1.9.0;
				PRODUCT_BUNDLE_IDENTIFIER = com.stillmoment.StillMoment;
				PRODUCT_NAME = "$(TARGET_NAME)";
				SWIFT_EMIT_LOC_STRINGS = YES;
				SWIFT_VERSION = 5.0;
				TARGETED_DEVICE_FAMILY = 1;
			};
			name = Debug;
		};
		CABCE93F2EAE3C440059FC11 /* Release */ = {
			isa = XCBuildConfiguration;
			baseConfigurationReference = CA08C6282EC4800000D7C911 /* Local.xcconfig */;
			buildSettings = {
				ASSETCATALOG_COMPILER_APPICON_NAME = AppIcon;
				ASSETCATALOG_COMPILER_GLOBAL_ACCENT_COLOR_NAME = AccentColor;
				CODE_SIGN_ENTITLEMENTS = StillMoment/StillMoment.entitlements;
				CODE_SIGN_STYLE = Automatic;
				CURRENT_PROJECT_VERSION = 2;
				ENABLE_PREVIEWS = YES;
				GENERATE_INFOPLIST_FILE = YES;
				INFOPLIST_FILE = StillMoment/Info.plist;
				INFOPLIST_KEY_CFBundleDisplayName = "Still Moment";
				INFOPLIST_KEY_LSApplicationCategoryType = "public.app-category.healthcare-fitness";
				INFOPLIST_KEY_UIApplicationSceneManifest_Generation = YES;
				INFOPLIST_KEY_UIApplicationSupportsIndirectInputEvents = YES;
				INFOPLIST_KEY_UILaunchScreen_Generation = YES;
				INFOPLIST_KEY_UISupportedInterfaceOrientations_iPad = UIInterfaceOrientationPortrait;
				INFOPLIST_KEY_UISupportedInterfaceOrientations_iPhone = UIInterfaceOrientationPortrait;
				LD_RUNPATH_SEARCH_PATHS = (
					"$(inherited)",
					"@executable_path/Frameworks",
				);
				MARKETING_VERSION = 1.9.0;
				PRODUCT_BUNDLE_IDENTIFIER = com.stillmoment.StillMoment;
				PRODUCT_NAME = "$(TARGET_NAME)";
				SWIFT_EMIT_LOC_STRINGS = YES;
				SWIFT_VERSION = 5.0;
				TARGETED_DEVICE_FAMILY = 1;
			};
			name = Release;
		};
		CABCE9412EAE3C440059FC11 /* Debug */ = {
			isa = XCBuildConfiguration;
			buildSettings = {
				BUNDLE_LOADER = "$(TEST_HOST)";
				CODE_SIGN_STYLE = Automatic;
				CURRENT_PROJECT_VERSION = 2;
				DEVELOPMENT_TEAM = S3558HJ3P5;
				GENERATE_INFOPLIST_FILE = YES;
				IPHONEOS_DEPLOYMENT_TARGET = 16.0;
				MARKETING_VERSION = 1.9.0;
				PRODUCT_BUNDLE_IDENTIFIER = com.stillmoment.StillMomentTests;
				PRODUCT_NAME = "$(TARGET_NAME)";
				SWIFT_EMIT_LOC_STRINGS = NO;
				SWIFT_VERSION = 5.0;
				TARGETED_DEVICE_FAMILY = "1,2";
				TEST_HOST = "$(BUILT_PRODUCTS_DIR)/StillMoment.app/$(BUNDLE_EXECUTABLE_FOLDER_PATH)/StillMoment";
			};
			name = Debug;
		};
		CABCE9422EAE3C440059FC11 /* Release */ = {
			isa = XCBuildConfiguration;
			buildSettings = {
				BUNDLE_LOADER = "$(TEST_HOST)";
				CODE_SIGN_STYLE = Automatic;
				CURRENT_PROJECT_VERSION = 2;
				DEVELOPMENT_TEAM = S3558HJ3P5;
				GENERATE_INFOPLIST_FILE = YES;
				IPHONEOS_DEPLOYMENT_TARGET = 16.0;
				MARKETING_VERSION = 1.9.0;
				PRODUCT_BUNDLE_IDENTIFIER = com.stillmoment.StillMomentTests;
				PRODUCT_NAME = "$(TARGET_NAME)";
				SWIFT_EMIT_LOC_STRINGS = NO;
				SWIFT_VERSION = 5.0;
				TARGETED_DEVICE_FAMILY = "1,2";
				TEST_HOST = "$(BUILT_PRODUCTS_DIR)/StillMoment.app/$(BUNDLE_EXECUTABLE_FOLDER_PATH)/StillMoment";
			};
			name = Release;
		};
		CABCE9442EAE3C440059FC11 /* Debug */ = {
			isa = XCBuildConfiguration;
			buildSettings = {
				CODE_SIGN_STYLE = Automatic;
				CURRENT_PROJECT_VERSION = 2;
				DEVELOPMENT_TEAM = S3558HJ3P5;
				GENERATE_INFOPLIST_FILE = YES;
				MARKETING_VERSION = 1.9.0;
				PRODUCT_BUNDLE_IDENTIFIER = com.stillmoment.StillMomentUITests;
				PRODUCT_NAME = "$(TARGET_NAME)";
				SWIFT_EMIT_LOC_STRINGS = NO;
				SWIFT_VERSION = 5.0;
				TARGETED_DEVICE_FAMILY = "1,2";
				TEST_TARGET_NAME = StillMoment;
			};
			name = Debug;
		};
		CABCE9452EAE3C440059FC11 /* Release */ = {
			isa = XCBuildConfiguration;
			buildSettings = {
				CODE_SIGN_STYLE = Automatic;
				CURRENT_PROJECT_VERSION = 2;
				DEVELOPMENT_TEAM = S3558HJ3P5;
				GENERATE_INFOPLIST_FILE = YES;
				MARKETING_VERSION = 1.9.0;
				PRODUCT_BUNDLE_IDENTIFIER = com.stillmoment.StillMomentUITests;
				PRODUCT_NAME = "$(TARGET_NAME)";
				SWIFT_EMIT_LOC_STRINGS = NO;
				SWIFT_VERSION = 5.0;
				TARGETED_DEVICE_FAMILY = "1,2";
				TEST_TARGET_NAME = StillMoment;
			};
			name = Release;
		};
/* End XCBuildConfiguration section */

/* Begin XCConfigurationList section */
		CABCE9172EAE3C430059FC11 /* Build configuration list for PBXProject "StillMoment" */ = {
			isa = XCConfigurationList;
			buildConfigurations = (
				CABCE93B2EAE3C440059FC11 /* Debug */,
				CABCE93C2EAE3C440059FC11 /* Release */,
			);
			defaultConfigurationIsVisible = 0;
			defaultConfigurationName = Release;
		};
		CABCE93D2EAE3C440059FC11 /* Build configuration list for PBXNativeTarget "StillMoment" */ = {
			isa = XCConfigurationList;
			buildConfigurations = (
				CABCE93E2EAE3C440059FC11 /* Debug */,
				CABCE93F2EAE3C440059FC11 /* Release */,
			);
			defaultConfigurationIsVisible = 0;
			defaultConfigurationName = Release;
		};
		CABCE9402EAE3C440059FC11 /* Build configuration list for PBXNativeTarget "StillMomentTests" */ = {
			isa = XCConfigurationList;
			buildConfigurations = (
				CABCE9412EAE3C440059FC11 /* Debug */,
				CABCE9422EAE3C440059FC11 /* Release */,
			);
			defaultConfigurationIsVisible = 0;
			defaultConfigurationName = Release;
		};
		CABCE9432EAE3C440059FC11 /* Build configuration list for PBXNativeTarget "StillMomentUITests" */ = {
			isa = XCConfigurationList;
			buildConfigurations = (
				CABCE9442EAE3C440059FC11 /* Debug */,
				CABCE9452EAE3C440059FC11 /* Release */,
			);
			defaultConfigurationIsVisible = 0;
			defaultConfigurationName = Release;
		};
		D357050ECA94B441EED5D6F0 /* Build configuration list for PBXNativeTarget "StillMoment-Screenshots" */ = {
			isa = XCConfigurationList;
			buildConfigurations = (
				7B7FFE6B5BB30B3075B41BF8 /* Release */,
				7289E90DC212A12D0F6F833D /* Debug */,
			);
			defaultConfigurationIsVisible = 0;
			defaultConfigurationName = Release;
		};
/* End XCConfigurationList section */
	};
	rootObject = CABCE9142EAE3C430059FC11 /* Project object */;
}
